<Solution>
  <Configurations>
    <Platform Name="Any CPU" />
    <Platform Name="x64" />
    <Platform Name="x86" />
  </Configurations>
  <Project Path="McpAgentWorkshop.AppHost/McpAgentWorkshop.AppHost.csproj" />
  <Project Path="McpAgentWorkshop.McpServer/McpAgentWorkshop.McpServer.csproj" />
  <Project Path="McpAgentWorkshop.ServiceDefaults/McpAgentWorkshop.ServiceDefaults.csproj" />
</Solution>
